<Solution>
  <Project Path="ClientHttp/ClientHttp.csproj" Id="4912f55b-d388-43a0-a098-6aea9cc51bfd" />
  <Project Path="ClietnUdp/ClietnUdp.csproj" Id="3c33045b-368e-4edb-82c2-e590d1f4ccec" />
  <Project Path="Core/Core.csproj" Id="bce80617-c1b2-4ba9-b0cb-86b30abd2f93" />
  <Project Path="ExampleStringBuilder/ExampleStringBuilder.csproj" Id="1eeed022-ddec-4728-8419-3ae54e59a149" />
  <Project Path="HttpServerSideRendering/HttpServerSideRendering.csproj" Id="8d069aa8-a7cd-4300-9ba8-d815913c691d" />
  <Project Path="Lesson1/Lesson1.csproj" />
  <Project Path="Lesson2/Lesson2.csproj" Id="76479a0c-d4ac-423e-8589-22874ba529a8" />
  <Project Path="ServerUdP/ServerUdp.csproj" Id="3e688ef3-8f67-4feb-a9d6-7821118d2b22" />
  <Project Path="WebApi/WebApi.csproj" Id="abe874c2-3900-47f0-8462-838a785d0220" />
</Solution>
